
Microsoft Visual Studio Solution File, Format Version 12.00
# Visual Studio Version 17
VisualStudioVersion = 17.14.36202.13
MinimumVisualStudioVersion = 10.0.40219.1
Project("{FAE04EC0-301F-11D3-BF4B-00C04F79EFBC}") = "AttendanceLogin", "AttendanceLogin\AttendanceLogin.csproj", "{50ADC1A4-1C50-4D7D-BDE7-EF4E04585AC3}"
EndProject
Project("{FAE04EC0-301F-11D3-BF4B-00C04F79EFBC}") = "AttendanceLoginAPI", "AttendanceLoginAPI\AttendanceLoginAPI.csproj", "{1FBC1F70-BABA-4E02-BAF3-4D67EE5FD7DA}"
EndProject
Project("{FAE04EC0-301F-11D3-BF4B-00C04F79EFBC}") = "AttendanceLogin.SharedModels", "..\AttendanceLoginShared\AttendanceLogin.SharedModels\AttendanceLogin.SharedModels.csproj", "{3EBD72A0-CE67-4B2E-85A0-532BAE4B3CF1}"
EndProject
Global
	GlobalSection(SolutionConfigurationPlatforms) = preSolution
		Debug|Any CPU = Debug|Any CPU
		Release|Any CPU = Release|Any CPU
	EndGlobalSection
	GlobalSection(ProjectConfigurationPlatforms) = postSolution
		{50ADC1A4-1C50-4D7D-BDE7-EF4E04585AC3}.Debug|Any CPU.ActiveCfg = Debug|Any CPU
		{50ADC1A4-1C50-4D7D-BDE7-EF4E04585AC3}.Debug|Any CPU.Build.0 = Debug|Any CPU
		{50ADC1A4-1C50-4D7D-BDE7-EF4E04585AC3}.Debug|Any CPU.Deploy.0 = Debug|Any CPU
		{50ADC1A4-1C50-4D7D-BDE7-EF4E04585AC3}.Release|Any CPU.ActiveCfg = Release|Any CPU
		{50ADC1A4-1C50-4D7D-BDE7-EF4E04585AC3}.Release|Any CPU.Build.0 = Release|Any CPU
		{50ADC1A4-1C50-4D7D-BDE7-EF4E04585AC3}.Release|Any CPU.Deploy.0 = Release|Any CPU
		{1FBC1F70-BABA-4E02-BAF3-4D67EE5FD7DA}.Debug|Any CPU.ActiveCfg = Debug|Any CPU
		{1FBC1F70-BABA-4E02-BAF3-4D67EE5FD7DA}.Debug|Any CPU.Build.0 = Debug|Any CPU
		{1FBC1F70-BABA-4E02-BAF3-4D67EE5FD7DA}.Release|Any CPU.ActiveCfg = Release|Any CPU
		{1FBC1F70-BABA-4E02-BAF3-4D67EE5FD7DA}.Release|Any CPU.Build.0 = Release|Any CPU
		{3EBD72A0-CE67-4B2E-85A0-532BAE4B3CF1}.Debug|Any CPU.ActiveCfg = Debug|Any CPU
		{3EBD72A0-CE67-4B2E-85A0-532BAE4B3CF1}.Debug|Any CPU.Build.0 = Debug|Any CPU
		{3EBD72A0-CE67-4B2E-85A0-532BAE4B3CF1}.Release|Any CPU.ActiveCfg = Release|Any CPU
		{3EBD72A0-CE67-4B2E-85A0-532BAE4B3CF1}.Release|Any CPU.Build.0 = Release|Any CPU
	EndGlobalSection
	GlobalSection(SolutionProperties) = preSolution
		HideSolutionNode = FALSE
	EndGlobalSection
	GlobalSection(ExtensibilityGlobals) = postSolution
		SolutionGuid = {8A957886-FD2B-4E16-BDDD-0CE375365854}
	EndGlobalSection
EndGlobal
